
Microsoft Visual Studio Solution File, Format Version 12.00
Project("{FAE04EC0-301F-11D3-BF4B-00C04F79EFBC}") = "timesheet-api", "timesheet-api.csproj", "{46446E33-2291-4B1A-BA79-96E9C9ABA383}"
EndProject
Global
	GlobalSection(SolutionConfigurationPlatforms) = preSolution
		Debug|Any CPU = Debug|Any CPU
		Release|Any CPU = Release|Any CPU
	EndGlobalSection
	GlobalSection(ProjectConfigurationPlatforms) = postSolution
		{46446E33-2291-4B1A-BA79-96E9C9ABA383}.Debug|Any CPU.ActiveCfg = Debug|Any CPU
		{46446E33-2291-4B1A-BA79-96E9C9ABA383}.Debug|Any CPU.Build.0 = Debug|Any CPU
		{46446E33-2291-4B1A-BA79-96E9C9ABA383}.Release|Any CPU.ActiveCfg = Release|Any CPU
		{46446E33-2291-4B1A-BA79-96E9C9ABA383}.Release|Any CPU.Build.0 = Release|Any CPU
	EndGlobalSection
EndGlobal
